Microsoft Visual Studio Solution File, Format Version 12.00
# Visual Studio Version 17
VisualStudioVersion = 17.5.2.0
MinimumVisualStudioVersion = 10.0.40219.1
Project("{FAE04EC0-301F-11D3-BF4B-00C04F79EFBC}") = "02_GpaCalculator", "02_GpaCalculator.csproj", "{DED2E84A-21AD-8F0D-325B-6FC9075599B5}"
EndProject
Global
	GlobalSection(SolutionConfigurationPlatforms) = preSolution
		Debug|Any CPU = Debug|Any CPU
		Release|Any CPU = Release|Any CPU
	EndGlobalSection
	GlobalSection(ProjectConfigurationPlatforms) = postSolution
		{DED2E84A-21AD-8F0D-325B-6FC9075599B5}.Debug|Any CPU.ActiveCfg = Debug|Any CPU
		{DED2E84A-21AD-8F0D-325B-6FC9075599B5}.Debug|Any CPU.Build.0 = Debug|Any CPU
		{DED2E84A-21AD-8F0D-325B-6FC9075599B5}.Release|Any CPU.ActiveCfg = Release|Any CPU
		{DED2E84A-21AD-8F0D-325B-6FC9075599B5}.Release|Any CPU.Build.0 = Release|Any CPU
	EndGlobalSection
	GlobalSection(SolutionProperties) = preSolution
		HideSolutionNode = FALSE
	EndGlobalSection
	GlobalSection(ExtensibilityGlobals) = postSolution
		SolutionGuid = {817E6B8F-052D-4AD9-B470-BB8976520647}
	EndGlobalSection
EndGlobal
